// !$*UTF8*$!
{
	archiveVersion = 1;
	classes = {
	};
	objectVersion = 50;
	objects = {

/* Begin PBXFileReference section */
		3B226CEB2126CD47001970BB /* combineSum.playground */ = {isa = PBXFileReference; lastKnownFileType = file.playground; path = combineSum.playground; sourceTree = "<group>"; xcLanguageSpecificationIdentifier = xcode.lang.swift; };
		3B226CEC2126CF04001970BB /* sumInRange.playground */ = {isa = PBXFileReference; lastKnownFileType = file.playground; path = sumInRange.playground; sourceTree = "<group>"; xcLanguageSpecificationIdentifier = xcode.lang.swift; };
		3B2BA8F521288133005B043C /* incorrectPasscodeAttempts.playground */ = {isa = PBXFileReference; lastKnownFileType = file.playground; path = incorrectPasscodeAttempts.playground; sourceTree = "<group>"; xcLanguageSpecificationIdentifier = xcode.lang.swift; };
		3B316FB72127E633007F2F84 /* singleNumber.playground */ = {isa = PBXFileReference; lastKnownFileType = file.playground; path = singleNumber.playground; sourceTree = "<group>"; xcLanguageSpecificationIdentifier = xcode.lang.swift; };
		3BF5C04621273AE30013C567 /* amendTheSentence.playground */ = {isa = PBXFileReference; lastKnownFileType = file.playground; path = amendTheSentence.playground; sourceTree = "<group>"; xcLanguageSpecificationIdentifier = xcode.lang.swift; };
		3BF5C047212745A10013C567 /* findFirstSubstringOccurrence.playground */ = {isa = PBXFileReference; lastKnownFileType = file.playground; path = findFirstSubstringOccurrence.playground; sourceTree = "<group>"; xcLanguageSpecificationIdentifier = xcode.lang.swift; };
/* End PBXFileReference section */

/* Begin PBXGroup section */
		3B226CE42126CD09001970BB = {
			isa = PBXGroup;
			children = (
				3B2BA8F521288133005B043C /* incorrectPasscodeAttempts.playground */,
				3B316FB72127E633007F2F84 /* singleNumber.playground */,
				3BF5C047212745A10013C567 /* findFirstSubstringOccurrence.playground */,
				3BF5C04621273AE30013C567 /* amendTheSentence.playground */,
				3B226CEC2126CF04001970BB /* sumInRange.playground */,
				3B226CEB2126CD47001970BB /* combineSum.playground */,
			);
			sourceTree = "<group>";
		};
/* End PBXGroup section */

/* Begin PBXProject section */
		3B226CE52126CD09001970BB /* Project object */ = {
			isa = PBXProject;
			attributes = {
				LastUpgradeCheck = 1000;
			};
			buildConfigurationList = 3B226CE82126CD09001970BB /* Build configuration list for PBXProject "CodeFights" */;
			compatibilityVersion = "Xcode 9.3";
			developmentRegion = en;
			hasScannedForEncodings = 0;
			knownRegions = (
				en,
			);
			mainGroup = 3B226CE42126CD09001970BB;
			projectDirPath = "";
			projectRoot = "";
			targets = (
			);
		};
/* End PBXProject section */

/* Begin XCBuildConfiguration section */
		3B226CE92126CD09001970BB /* Debug */ = {
			isa = XCBuildConfiguration;
			buildSettings = {
			};
			name = Debug;
		};
		3B226CEA2126CD09001970BB /* Release */ = {
			isa = XCBuildConfiguration;
			buildSettings = {
			};
			name = Release;
		};
/* End XCBuildConfiguration section */

/* Begin XCConfigurationList section */
		3B226CE82126CD09001970BB /* Build configuration list for PBXProject "CodeFights" */ = {
			isa = XCConfigurationList;
			buildConfigurations = (
				3B226CE92126CD09001970BB /* Debug */,
				3B226CEA2126CD09001970BB /* Release */,
			);
			defaultConfigurationIsVisible = 0;
			defaultConfigurationName = Release;
		};
/* End XCConfigurationList section */
	};
	rootObject = 3B226CE52126CD09001970BB /* Project object */;
}
